
Microsoft Visual Studio Solution File, Format Version 12.00
# Visual Studio Version 17
VisualStudioVersion = 17.10.35013.160
MinimumVisualStudioVersion = 10.0.40219.1
Project("{FAE04EC0-301F-11D3-BF4B-00C04F79EFBC}") = "OrderService.API", "OrderService.API\OrderService.API.csproj", "{99BCCA0E-F3FE-4685-ADA9-0CB2806F6500}"
EndProject
Global
	GlobalSection(SolutionConfigurationPlatforms) = preSolution
		Debug|Any CPU = Debug|Any CPU
		Release|Any CPU = Release|Any CPU
	EndGlobalSection
	GlobalSection(ProjectConfigurationPlatforms) = postSolution
		{99BCCA0E-F3FE-4685-ADA9-0CB2806F6500}.Debug|Any CPU.ActiveCfg = Debug|Any CPU
		{99BCCA0E-F3FE-4685-ADA9-0CB2806F6500}.Debug|Any CPU.Build.0 = Debug|Any CPU
		{99BCCA0E-F3FE-4685-ADA9-0CB2806F6500}.Release|Any CPU.ActiveCfg = Release|Any CPU
		{99BCCA0E-F3FE-4685-ADA9-0CB2806F6500}.Release|Any CPU.Build.0 = Release|Any CPU
	EndGlobalSection
	GlobalSection(SolutionProperties) = preSolution
		HideSolutionNode = FALSE
	EndGlobalSection
	GlobalSection(ExtensibilityGlobals) = postSolution
		SolutionGuid = {C16DF30E-CE66-4BA5-82B2-AEA4D7638FE1}
	EndGlobalSection
EndGlobal
