
Microsoft Visual Studio Solution File, Format Version 12.00
# Visual Studio Version 17
VisualStudioVersion = 17.10.35013.160
MinimumVisualStudioVersion = 10.0.40219.1
Project("{9A19103F-16F7-4668-BE54-9A1E7A4F7556}") = "CartService.API", "CartService.API\CartService.API.csproj", "{88318AC0-07DA-48A9-A698-0F1C9EE3D075}"
EndProject
Project("{9A19103F-16F7-4668-BE54-9A1E7A4F7556}") = "CartService.Domain", "CartService.Domain\CartService.Domain.csproj", "{CAB6E525-60A9-4A49-B26B-4D91687320C3}"
EndProject
Project("{9A19103F-16F7-4668-BE54-9A1E7A4F7556}") = "CartService.Application", "CartService.Application\CartService.Application.csproj", "{D75E90E9-A663-4C16-AA16-58936117AE9A}"
EndProject
Project("{9A19103F-16F7-4668-BE54-9A1E7A4F7556}") = "CartService.Infrastructure", "CartService.Infrastructure\CartService.Infrastructure.csproj", "{45005328-C7DF-4365-BDD6-AE63E6D94D01}"
EndProject
Project("{9A19103F-16F7-4668-BE54-9A1E7A4F7556}") = "CartService.GrpcServer", "CartService.GrpcServer\CartService.GrpcServer.csproj", "{A5297F6F-11D9-4FB3-8265-ADFD1E2D9C36}"
EndProject
Project("{FAE04EC0-301F-11D3-BF4B-00C04F79EFBC}") = "CartService.Tests", "CartService.Tests\CartService.Tests.csproj", "{ADE0F5D3-3A5F-43D1-A435-D1FC30C4786E}"
EndProject
Global
	GlobalSection(SolutionConfigurationPlatforms) = preSolution
		Debug|Any CPU = Debug|Any CPU
		Release|Any CPU = Release|Any CPU
	EndGlobalSection
	GlobalSection(ProjectConfigurationPlatforms) = postSolution
		{88318AC0-07DA-48A9-A698-0F1C9EE3D075}.Debug|Any CPU.ActiveCfg = Debug|Any CPU
		{88318AC0-07DA-48A9-A698-0F1C9EE3D075}.Debug|Any CPU.Build.0 = Debug|Any CPU
		{88318AC0-07DA-48A9-A698-0F1C9EE3D075}.Release|Any CPU.ActiveCfg = Release|Any CPU
		{88318AC0-07DA-48A9-A698-0F1C9EE3D075}.Release|Any CPU.Build.0 = Release|Any CPU
		{CAB6E525-60A9-4A49-B26B-4D91687320C3}.Debug|Any CPU.ActiveCfg = Debug|Any CPU
		{CAB6E525-60A9-4A49-B26B-4D91687320C3}.Debug|Any CPU.Build.0 = Debug|Any CPU
		{CAB6E525-60A9-4A49-B26B-4D91687320C3}.Release|Any CPU.ActiveCfg = Release|Any CPU
		{CAB6E525-60A9-4A49-B26B-4D91687320C3}.Release|Any CPU.Build.0 = Release|Any CPU
		{D75E90E9-A663-4C16-AA16-58936117AE9A}.Debug|Any CPU.ActiveCfg = Debug|Any CPU
		{D75E90E9-A663-4C16-AA16-58936117AE9A}.Debug|Any CPU.Build.0 = Debug|Any CPU
		{D75E90E9-A663-4C16-AA16-58936117AE9A}.Release|Any CPU.ActiveCfg = Release|Any CPU
		{D75E90E9-A663-4C16-AA16-58936117AE9A}.Release|Any CPU.Build.0 = Release|Any CPU
		{45005328-C7DF-4365-BDD6-AE63E6D94D01}.Debug|Any CPU.ActiveCfg = Debug|Any CPU
		{45005328-C7DF-4365-BDD6-AE63E6D94D01}.Debug|Any CPU.Build.0 = Debug|Any CPU
		{45005328-C7DF-4365-BDD6-AE63E6D94D01}.Release|Any CPU.ActiveCfg = Release|Any CPU
		{45005328-C7DF-4365-BDD6-AE63E6D94D01}.Release|Any CPU.Build.0 = Release|Any CPU
		{A5297F6F-11D9-4FB3-8265-ADFD1E2D9C36}.Debug|Any CPU.ActiveCfg = Debug|Any CPU
		{A5297F6F-11D9-4FB3-8265-ADFD1E2D9C36}.Debug|Any CPU.Build.0 = Debug|Any CPU
		{A5297F6F-11D9-4FB3-8265-ADFD1E2D9C36}.Release|Any CPU.ActiveCfg = Release|Any CPU
		{A5297F6F-11D9-4FB3-8265-ADFD1E2D9C36}.Release|Any CPU.Build.0 = Release|Any CPU
		{ADE0F5D3-3A5F-43D1-A435-D1FC30C4786E}.Debug|Any CPU.ActiveCfg = Debug|Any CPU
		{ADE0F5D3-3A5F-43D1-A435-D1FC30C4786E}.Debug|Any CPU.Build.0 = Debug|Any CPU
		{ADE0F5D3-3A5F-43D1-A435-D1FC30C4786E}.Release|Any CPU.ActiveCfg = Release|Any CPU
		{ADE0F5D3-3A5F-43D1-A435-D1FC30C4786E}.Release|Any CPU.Build.0 = Release|Any CPU
	EndGlobalSection
	GlobalSection(SolutionProperties) = preSolution
		HideSolutionNode = FALSE
	EndGlobalSection
	GlobalSection(ExtensibilityGlobals) = postSolution
		SolutionGuid = {F0250F30-D179-4063-95FD-00CACB3D0BC0}
	EndGlobalSection
EndGlobal
